
Microsoft Visual Studio Solution File, Format Version 12.00
# Visual Studio Version 16
VisualStudioVersion = 16.0.29728.190
MinimumVisualStudioVersion = 10.0.40219.1
Project("{FAE04EC0-301F-11D3-BF4B-00C04F79EFBC}") = "LogAnalyzer", "Analyzer\LogAnalyzer.csproj", "{1DAFC89D-68AB-4F8E-A820-7260D9462E1D}"
EndProject
Global
	GlobalSection(SolutionConfigurationPlatforms) = preSolution
		Debug|Any CPU = Debug|Any CPU
		Release|Any CPU = Release|Any CPU
	EndGlobalSection
	GlobalSection(ProjectConfigurationPlatforms) = postSolution
		{1DAFC89D-68AB-4F8E-A820-7260D9462E1D}.Debug|Any CPU.ActiveCfg = Debug|Any CPU
		{1DAFC89D-68AB-4F8E-A820-7260D9462E1D}.Debug|Any CPU.Build.0 = Debug|Any CPU
		{1DAFC89D-68AB-4F8E-A820-7260D9462E1D}.Release|Any CPU.ActiveCfg = Release|Any CPU
		{1DAFC89D-68AB-4F8E-A820-7260D9462E1D}.Release|Any CPU.Build.0 = Release|Any CPU
	EndGlobalSection
	GlobalSection(SolutionProperties) = preSolution
		HideSolutionNode = FALSE
	EndGlobalSection
	GlobalSection(ExtensibilityGlobals) = postSolution
		SolutionGuid = {E9EB2A75-9004-4BFF-AD88-F477CBD97D3F}
	EndGlobalSection
EndGlobal
